{
  "name": "picgo-plugin-obs",
  "version": "0.3.0",
  "lockfileVersion": 3,
  "requires": true,
  "packages": {
    "": {
      "name": "picgo-plugin-obs",
      "version": "0.3.0",
      "license": "MIT",
      "dependencies": {
        "dayjs": "^1.11.13",
        "esdk-obs-nodejs": "^3.26.2",
        "mime-types": "^2.1.35"
      },
      "peerDependencies": {
        "picgo": ">=2.3.0"
      }
    }
  }
}
